
Microsoft Visual Studio Solution File, Format Version 12.00
# Visual Studio Version 16
VisualStudioVersion = 16.0.30114.105
MinimumVisualStudioVersion = 10.0.40219.1
Project("{FAE04EC0-301F-11D3-BF4B-00C04F79EFBC}") = "API", "API\API.csproj", "{C9C09CB4-5E32-4949-B051-35A9D1630C40}"
EndProject
Project("{FAE04EC0-301F-11D3-BF4B-00C04F79EFBC}") = "Core", "Core\Core.csproj", "{5EC988DC-28E0-43D6-8841-109858C38211}"
EndProject
Project("{FAE04EC0-301F-11D3-BF4B-00C04F79EFBC}") = "Infrastructure", "Infrastructure\Infrastructure.csproj", "{1D2DA0C3-411E-464E-957C-29E670346163}"
EndProject
Global
	GlobalSection(SolutionConfigurationPlatforms) = preSolution
		Debug|Any CPU = Debug|Any CPU
		Release|Any CPU = Release|Any CPU
	EndGlobalSection
	GlobalSection(SolutionProperties) = preSolution
		HideSolutionNode = FALSE
	EndGlobalSection
	GlobalSection(ProjectConfigurationPlatforms) = postSolution
		{C9C09CB4-5E32-4949-B051-35A9D1630C40}.Debug|Any CPU.ActiveCfg = Debug|Any CPU
		{C9C09CB4-5E32-4949-B051-35A9D1630C40}.Debug|Any CPU.Build.0 = Debug|Any CPU
		{C9C09CB4-5E32-4949-B051-35A9D1630C40}.Release|Any CPU.ActiveCfg = Release|Any CPU
		{C9C09CB4-5E32-4949-B051-35A9D1630C40}.Release|Any CPU.Build.0 = Release|Any CPU
		{5EC988DC-28E0-43D6-8841-109858C38211}.Debug|Any CPU.ActiveCfg = Debug|Any CPU
		{5EC988DC-28E0-43D6-8841-109858C38211}.Debug|Any CPU.Build.0 = Debug|Any CPU
		{5EC988DC-28E0-43D6-8841-109858C38211}.Release|Any CPU.ActiveCfg = Release|Any CPU
		{5EC988DC-28E0-43D6-8841-109858C38211}.Release|Any CPU.Build.0 = Release|Any CPU
		{1D2DA0C3-411E-464E-957C-29E670346163}.Debug|Any CPU.ActiveCfg = Debug|Any CPU
		{1D2DA0C3-411E-464E-957C-29E670346163}.Debug|Any CPU.Build.0 = Debug|Any CPU
		{1D2DA0C3-411E-464E-957C-29E670346163}.Release|Any CPU.ActiveCfg = Release|Any CPU
		{1D2DA0C3-411E-464E-957C-29E670346163}.Release|Any CPU.Build.0 = Release|Any CPU
	EndGlobalSection
EndGlobal
